
Microsoft Visual Studio Solution File, Format Version 12.00
# Visual Studio Version 16
VisualStudioVersion = 16.0.30406.217
MinimumVisualStudioVersion = 10.0.40219.1
Project("{9A19103F-16F7-4668-BE54-9A1E7A4F7556}") = "BreadcrumbDashboard", "BreadcrumbDashboard.csproj", "{47456108-AAF8-4B9D-9E76-FBA15FBEAE42}"
EndProject
Project("{2150E333-8FDC-42A3-9474-1A3956D46DE8}") = "src", "src", "{230BD650-1328-4FA5-B225-BC31867D21C7}"
EndProject
Global
	GlobalSection(SolutionConfigurationPlatforms) = preSolution
		Debug|Any CPU = Debug|Any CPU
		Release|Any CPU = Release|Any CPU
	EndGlobalSection
	GlobalSection(ProjectConfigurationPlatforms) = postSolution
		{47456108-AAF8-4B9D-9E76-FBA15FBEAE42}.Debug|Any CPU.ActiveCfg = Debug|Any CPU
		{47456108-AAF8-4B9D-9E76-FBA15FBEAE42}.Debug|Any CPU.Build.0 = Debug|Any CPU
		{47456108-AAF8-4B9D-9E76-FBA15FBEAE42}.Release|Any CPU.ActiveCfg = Release|Any CPU
		{47456108-AAF8-4B9D-9E76-FBA15FBEAE42}.Release|Any CPU.Build.0 = Release|Any CPU
	EndGlobalSection
	GlobalSection(SolutionProperties) = preSolution
		HideSolutionNode = FALSE
	EndGlobalSection
	GlobalSection(NestedProjects) = preSolution
		{47456108-AAF8-4B9D-9E76-FBA15FBEAE42} = {230BD650-1328-4FA5-B225-BC31867D21C7}
	EndGlobalSection
	GlobalSection(ExtensibilityGlobals) = postSolution
		SolutionGuid = {58B9A0AE-D0BC-48FF-A9F1-E9452257EF1C}
	EndGlobalSection
EndGlobal
